// !$*UTF8*$!
{
	archiveVersion = 1;
	classes = {
	};
	objectVersion = 50;
	objects = {

/* Begin PBXBuildFile section */
		9CBD071E2244186200DE2F22 /* AppDelegate.swift in Sources */ = {isa = PBXBuildFile; fileRef = 9CBD071D2244186200DE2F22 /* AppDelegate.swift */; };
		9CBD07202244186200DE2F22 /* ViewController.swift in Sources */ = {isa = PBXBuildFile; fileRef = 9CBD071F2244186200DE2F22 /* ViewController.swift */; };
		9CBD07252244186400DE2F22 /* Assets.xcassets in Resources */ = {isa = PBXBuildFile; fileRef = 9CBD07242244186400DE2F22 /* Assets.xcassets */; };
		9CBD07282244186400DE2F22 /* LaunchScreen.storyboard in Resources */ = {isa = PBXBuildFile; fileRef = 9CBD07262244186400DE2F22 /* LaunchScreen.storyboard */; };
		9CBD0730224422BE00DE2F22 /* SitesModel.swift in Sources */ = {isa = PBXBuildFile; fileRef = 9CBD072F224422BE00DE2F22 /* SitesModel.swift */; };
		BBBBF56D224C41B500E1B0A8 /* SitesService.swift in Sources */ = {isa = PBXBuildFile; fileRef = BBBBF56C224C41B500E1B0A8 /* SitesService.swift */; };
		BBBBF56F224C470A00E1B0A8 /* SitesModelProtocol.swift in Sources */ = {isa = PBXBuildFile; fileRef = BBBBF56E224C470A00E1B0A8 /* SitesModelProtocol.swift */; };
		BBBBF571224C498800E1B0A8 /* SiteViewControllerProtocol.swift in Sources */ = {isa = PBXBuildFile; fileRef = BBBBF570224C498800E1B0A8 /* SiteViewControllerProtocol.swift */; };
		D0671B5F224AB3E400C38306 /* DetailViewController.swift in Sources */ = {isa = PBXBuildFile; fileRef = D0671B5D224AB3E400C38306 /* DetailViewController.swift */; };
		D0671B60224AB3E400C38306 /* DetailViewController.xib in Resources */ = {isa = PBXBuildFile; fileRef = D0671B5E224AB3E400C38306 /* DetailViewController.xib */; };
		D0671B62224ABB2500C38306 /* ViewController.xib in Resources */ = {isa = PBXBuildFile; fileRef = D0671B61224ABB2500C38306 /* ViewController.xib */; };
		D0671B65224ABD6500C38306 /* CustomTableViewCell.swift in Sources */ = {isa = PBXBuildFile; fileRef = D0671B63224ABD6500C38306 /* CustomTableViewCell.swift */; };
		D0671B66224ABD6500C38306 /* CustomTableViewCell.xib in Resources */ = {isa = PBXBuildFile; fileRef = D0671B64224ABD6500C38306 /* CustomTableViewCell.xib */; };
/* End PBXBuildFile section */

/* Begin PBXFileReference section */
		9CBD071A2244186200DE2F22 /* ClaseTableView.app */ = {isa = PBXFileReference; explicitFileType = wrapper.application; includeInIndex = 0; path = ClaseTableView.app; sourceTree = BUILT_PRODUCTS_DIR; };
		9CBD071D2244186200DE2F22 /* AppDelegate.swift */ = {isa = PBXFileReference; lastKnownFileType = sourcecode.swift; path = AppDelegate.swift; sourceTree = "<group>"; };
		9CBD071F2244186200DE2F22 /* ViewController.swift */ = {isa = PBXFileReference; lastKnownFileType = sourcecode.swift; path = ViewController.swift; sourceTree = "<group>"; };
		9CBD07242244186400DE2F22 /* Assets.xcassets */ = {isa = PBXFileReference; lastKnownFileType = folder.assetcatalog; path = Assets.xcassets; sourceTree = "<group>"; };
		9CBD07272244186400DE2F22 /* Base */ = {isa = PBXFileReference; lastKnownFileType = file.storyboard; name = Base; path = Base.lproj/LaunchScreen.storyboard; sourceTree = "<group>"; };
		9CBD07292244186400DE2F22 /* Info.plist */ = {isa = PBXFileReference; lastKnownFileType = text.plist.xml; path = Info.plist; sourceTree = "<group>"; };
		9CBD072F224422BE00DE2F22 /* SitesModel.swift */ = {isa = PBXFileReference; lastKnownFileType = sourcecode.swift; path = SitesModel.swift; sourceTree = "<group>"; };
		BBBBF56C224C41B500E1B0A8 /* SitesService.swift */ = {isa = PBXFileReference; lastKnownFileType = sourcecode.swift; path = SitesService.swift; sourceTree = "<group>"; };
		BBBBF56E224C470A00E1B0A8 /* SitesModelProtocol.swift */ = {isa = PBXFileReference; lastKnownFileType = sourcecode.swift; path = SitesModelProtocol.swift; sourceTree = "<group>"; };
		BBBBF570224C498800E1B0A8 /* SiteViewControllerProtocol.swift */ = {isa = PBXFileReference; lastKnownFileType = sourcecode.swift; path = SiteViewControllerProtocol.swift; sourceTree = "<group>"; };
		D0671B5D224AB3E400C38306 /* DetailViewController.swift */ = {isa = PBXFileReference; lastKnownFileType = sourcecode.swift; path = DetailViewController.swift; sourceTree = "<group>"; };
		D0671B5E224AB3E400C38306 /* DetailViewController.xib */ = {isa = PBXFileReference; lastKnownFileType = file.xib; path = DetailViewController.xib; sourceTree = "<group>"; };
		D0671B61224ABB2500C38306 /* ViewController.xib */ = {isa = PBXFileReference; lastKnownFileType = file.xib; path = ViewController.xib; sourceTree = "<group>"; };
		D0671B63224ABD6500C38306 /* CustomTableViewCell.swift */ = {isa = PBXFileReference; lastKnownFileType = sourcecode.swift; path = CustomTableViewCell.swift; sourceTree = "<group>"; };
		D0671B64224ABD6500C38306 /* CustomTableViewCell.xib */ = {isa = PBXFileReference; lastKnownFileType = file.xib; path = CustomTableViewCell.xib; sourceTree = "<group>"; };
/* End PBXFileReference section */

/* Begin PBXFrameworksBuildPhase section */
		9CBD07172244186200DE2F22 /* Frameworks */ = {
			isa = PBXFrameworksBuildPhase;
			buildActionMask = 2147483647;
			files = (
			);
			runOnlyForDeploymentPostprocessing = 0;
		};
/* End PBXFrameworksBuildPhase section */

/* Begin PBXGroup section */
		9CBD07112244186200DE2F22 = {
			isa = PBXGroup;
			children = (
				9CBD071C2244186200DE2F22 /* ClaseTableView */,
				9CBD071B2244186200DE2F22 /* Products */,
			);
			sourceTree = "<group>";
		};
		9CBD071B2244186200DE2F22 /* Products */ = {
			isa = PBXGroup;
			children = (
				9CBD071A2244186200DE2F22 /* ClaseTableView.app */,
			);
			name = Products;
			sourceTree = "<group>";
		};
		9CBD071C2244186200DE2F22 /* ClaseTableView */ = {
			isa = PBXGroup;
			children = (
				9CBD071D2244186200DE2F22 /* AppDelegate.swift */,
				9CBD071F2244186200DE2F22 /* ViewController.swift */,
				9CBD07242244186400DE2F22 /* Assets.xcassets */,
				9CBD07262244186400DE2F22 /* LaunchScreen.storyboard */,
				9CBD07292244186400DE2F22 /* Info.plist */,
				9CBD072F224422BE00DE2F22 /* SitesModel.swift */,
				D0671B5D224AB3E400C38306 /* DetailViewController.swift */,
				D0671B5E224AB3E400C38306 /* DetailViewController.xib */,
				D0671B61224ABB2500C38306 /* ViewController.xib */,
				D0671B63224ABD6500C38306 /* CustomTableViewCell.swift */,
				D0671B64224ABD6500C38306 /* CustomTableViewCell.xib */,
				BBBBF56C224C41B500E1B0A8 /* SitesService.swift */,
				BBBBF573224C49BC00E1B0A8 /* Protocols */,
			);
			path = ClaseTableView;
			sourceTree = "<group>";
		};
		BBBBF573224C49BC00E1B0A8 /* Protocols */ = {
			isa = PBXGroup;
			children = (
				BBBBF56E224C470A00E1B0A8 /* SitesModelProtocol.swift */,
				BBBBF570224C498800E1B0A8 /* SiteViewControllerProtocol.swift */,
			);
			path = Protocols;
			sourceTree = "<group>";
		};
/* End PBXGroup section */

/* Begin PBXNativeTarget section */
		9CBD07192244186200DE2F22 /* ClaseTableView */ = {
			isa = PBXNativeTarget;
			buildConfigurationList = 9CBD072C2244186400DE2F22 /* Build configuration list for PBXNativeTarget "ClaseTableView" */;
			buildPhases = (
				9CBD07162244186200DE2F22 /* Sources */,
				9CBD07172244186200DE2F22 /* Frameworks */,
				9CBD07182244186200DE2F22 /* Resources */,
			);
			buildRules = (
			);
			dependencies = (
			);
			name = ClaseTableView;
			productName = ClaseTableView;
			productReference = 9CBD071A2244186200DE2F22 /* ClaseTableView.app */;
			productType = "com.apple.product-type.application";
		};
/* End PBXNativeTarget section */

/* Begin PBXProject section */
		9CBD07122244186200DE2F22 /* Project object */ = {
			isa = PBXProject;
			attributes = {
				LastSwiftUpdateCheck = 1010;
				LastUpgradeCheck = 1010;
				ORGANIZATIONNAME = "Nicolas Frugoni";
				TargetAttributes = {
					9CBD07192244186200DE2F22 = {
						CreatedOnToolsVersion = 10.1;
					};
				};
			};
			buildConfigurationList = 9CBD07152244186200DE2F22 /* Build configuration list for PBXProject "ClaseTableView" */;
			compatibilityVersion = "Xcode 9.3";
			developmentRegion = en;
			hasScannedForEncodings = 0;
			knownRegions = (
				en,
				Base,
			);
			mainGroup = 9CBD07112244186200DE2F22;
			productRefGroup = 9CBD071B2244186200DE2F22 /* Products */;
			projectDirPath = "";
			projectRoot = "";
			targets = (
				9CBD07192244186200DE2F22 /* ClaseTableView */,
			);
		};
/* End PBXProject section */

/* Begin PBXResourcesBuildPhase section */
		9CBD07182244186200DE2F22 /* Resources */ = {
			isa = PBXResourcesBuildPhase;
			buildActionMask = 2147483647;
			files = (
				9CBD07282244186400DE2F22 /* LaunchScreen.storyboard in Resources */,
				9CBD07252244186400DE2F22 /* Assets.xcassets in Resources */,
				D0671B62224ABB2500C38306 /* ViewController.xib in Resources */,
				D0671B66224ABD6500C38306 /* CustomTableViewCell.xib in Resources */,
				D0671B60224AB3E400C38306 /* DetailViewController.xib in Resources */,
			);
			runOnlyForDeploymentPostprocessing = 0;
		};
/* End PBXResourcesBuildPhase section */

/* Begin PBXSourcesBuildPhase section */
		9CBD07162244186200DE2F22 /* Sources */ = {
			isa = PBXSourcesBuildPhase;
			buildActionMask = 2147483647;
			files = (
				BBBBF56F224C470A00E1B0A8 /* SitesModelProtocol.swift in Sources */,
				D0671B65224ABD6500C38306 /* CustomTableViewCell.swift in Sources */,
				BBBBF571224C498800E1B0A8 /* SiteViewControllerProtocol.swift in Sources */,
				BBBBF56D224C41B500E1B0A8 /* SitesService.swift in Sources */,
				9CBD07202244186200DE2F22 /* ViewController.swift in Sources */,
				D0671B5F224AB3E400C38306 /* DetailViewController.swift in Sources */,
				9CBD071E2244186200DE2F22 /* AppDelegate.swift in Sources */,
				9CBD0730224422BE00DE2F22 /* SitesModel.swift in Sources */,
			);
			runOnlyForDeploymentPostprocessing = 0;
		};
/* End PBXSourcesBuildPhase section */

/* Begin PBXVariantGroup section */
		9CBD07262244186400DE2F22 /* LaunchScreen.storyboard */ = {
			isa = PBXVariantGroup;
			children = (
				9CBD07272244186400DE2F22 /* Base */,
			);
			name = LaunchScreen.storyboard;
			sourceTree = "<group>";
		};
/* End PBXVariantGroup section */

/* Begin XCBuildConfiguration section */
		9CBD072A2244186400DE2F22 /* Debug */ = {
			isa = XCBuildConfiguration;
			buildSettings = {
				ALWAYS_SEARCH_USER_PATHS = NO;
				CLANG_ANALYZER_NONNULL = YES;
				CLANG_ANALYZER_NUMBER_OBJECT_CONVERSION = YES_AGGRESSIVE;
				CLANG_CXX_LANGUAGE_STANDARD = "gnu++14";
				CLANG_CXX_LIBRARY = "libc++";
				CLANG_ENABLE_MODULES = YES;
				CLANG_ENABLE_OBJC_ARC = YES;
				CLANG_ENABLE_OBJC_WEAK = YES;
				CLANG_WARN_BLOCK_CAPTURE_AUTORELEASING = YES;
				CLANG_WARN_BOOL_CONVERSION = YES;
				CLANG_WARN_COMMA = YES;
				CLANG_WARN_CONSTANT_CONVERSION = YES;
				CLANG_WARN_DEPRECATED_OBJC_IMPLEMENTATIONS = YES;
				CLANG_WARN_DIRECT_OBJC_ISA_USAGE = YES_ERROR;
				CLANG_WARN_DOCUMENTATION_COMMENTS = YES;
				CLANG_WARN_EMPTY_BODY = YES;
				CLANG_WARN_ENUM_CONVERSION = YES;
				CLANG_WARN_INFINITE_RECURSION = YES;
				CLANG_WARN_INT_CONVERSION = YES;
				CLANG_WARN_NON_LITERAL_NULL_CONVERSION = YES;
				CLANG_WARN_OBJC_IMPLICIT_RETAIN_SELF = YES;
				CLANG_WARN_OBJC_LITERAL_CONVERSION = YES;
				CLANG_WARN_OBJC_ROOT_CLASS = YES_ERROR;
				CLANG_WARN_RANGE_LOOP_ANALYSIS = YES;
				CLANG_WARN_STRICT_PROTOTYPES = YES;
				CLANG_WARN_SUSPICIOUS_MOVE = YES;
				CLANG_WARN_UNGUARDED_AVAILABILITY = YES_AGGRESSIVE;
				CLANG_WARN_UNREACHABLE_CODE = YES;
				CLANG_WARN__DUPLICATE_METHOD_MATCH = YES;
				CODE_SIGN_IDENTITY = "iPhone Developer";
				COPY_PHASE_STRIP = NO;
				DEBUG_INFORMATION_FORMAT = dwarf;
				ENABLE_STRICT_OBJC_MSGSEND = YES;
				ENABLE_TESTABILITY = YES;
				GCC_C_LANGUAGE_STANDARD = gnu11;
				GCC_DYNAMIC_NO_PIC = NO;
				GCC_NO_COMMON_BLOCKS = YES;
				GCC_OPTIMIZATION_LEVEL = 0;
				GCC_PREPROCESSOR_DEFINITIONS = (
					"DEBUG=1",
					"$(inherited)",
				);
				GCC_WARN_64_TO_32_BIT_CONVERSION = YES;
				GCC_WARN_ABOUT_RETURN_TYPE = YES_ERROR;
				GCC_WARN_UNDECLARED_SELECTOR = YES;
				GCC_WARN_UNINITIALIZED_AUTOS = YES_AGGRESSIVE;
				GCC_WARN_UNUSED_FUNCTION = YES;
				GCC_WARN_UNUSED_VARIABLE = YES;
				IPHONEOS_DEPLOYMENT_TARGET = 12.1;
				MTL_ENABLE_DEBUG_INFO = INCLUDE_SOURCE;
				MTL_FAST_MATH = YES;
				ONLY_ACTIVE_ARCH = YES;
				SDKROOT = iphoneos;
				SWIFT_ACTIVE_COMPILATION_CONDITIONS = DEBUG;
				SWIFT_OPTIMIZATION_LEVEL = "-Onone";
			};
			name = Debug;
		};
		9CBD072B2244186400DE2F22 /* Release */ = {
			isa = XCBuildConfiguration;
			buildSettings = {
				ALWAYS_SEARCH_USER_PATHS = NO;
				CLANG_ANALYZER_NONNULL = YES;
				CLANG_ANALYZER_NUMBER_OBJECT_CONVERSION = YES_AGGRESSIVE;
				CLANG_CXX_LANGUAGE_STANDARD = "gnu++14";
				CLANG_CXX_LIBRARY = "libc++";
				CLANG_ENABLE_MODULES = YES;
				CLANG_ENABLE_OBJC_ARC = YES;
				CLANG_ENABLE_OBJC_WEAK = YES;
				CLANG_WARN_BLOCK_CAPTURE_AUTORELEASING = YES;
				CLANG_WARN_BOOL_CONVERSION = YES;
				CLANG_WARN_COMMA = YES;
				CLANG_WARN_CONSTANT_CONVERSION = YES;
				CLANG_WARN_DEPRECATED_OBJC_IMPLEMENTATIONS = YES;
				CLANG_WARN_DIRECT_OBJC_ISA_USAGE = YES_ERROR;
				CLANG_WARN_DOCUMENTATION_COMMENTS = YES;
				CLANG_WARN_EMPTY_BODY = YES;
				CLANG_WARN_ENUM_CONVERSION = YES;
				CLANG_WARN_INFINITE_RECURSION = YES;
				CLANG_WARN_INT_CONVERSION = YES;
				CLANG_WARN_NON_LITERAL_NULL_CONVERSION = YES;
				CLANG_WARN_OBJC_IMPLICIT_RETAIN_SELF = YES;
				CLANG_WARN_OBJC_LITERAL_CONVERSION = YES;
				CLANG_WARN_OBJC_ROOT_CLASS = YES_ERROR;
				CLANG_WARN_RANGE_LOOP_ANALYSIS = YES;
				CLANG_WARN_STRICT_PROTOTYPES = YES;
				CLANG_WARN_SUSPICIOUS_MOVE = YES;
				CLANG_WARN_UNGUARDED_AVAILABILITY = YES_AGGRESSIVE;
				CLANG_WARN_UNREACHABLE_CODE = YES;
				CLANG_WARN__DUPLICATE_METHOD_MATCH = YES;
				CODE_SIGN_IDENTITY = "iPhone Developer";
				COPY_PHASE_STRIP = NO;
				DEBUG_INFORMATION_FORMAT = "dwarf-with-dsym";
				ENABLE_NS_ASSERTIONS = NO;
				ENABLE_STRICT_OBJC_MSGSEND = YES;
				GCC_C_LANGUAGE_STANDARD = gnu11;
				GCC_NO_COMMON_BLOCKS = YES;
				GCC_WARN_64_TO_32_BIT_CONVERSION = YES;
				GCC_WARN_ABOUT_RETURN_TYPE = YES_ERROR;
				GCC_WARN_UNDECLARED_SELECTOR = YES;
				GCC_WARN_UNINITIALIZED_AUTOS = YES_AGGRESSIVE;
				GCC_WARN_UNUSED_FUNCTION = YES;
				GCC_WARN_UNUSED_VARIABLE = YES;
				IPHONEOS_DEPLOYMENT_TARGET = 12.1;
				MTL_ENABLE_DEBUG_INFO = NO;
				MTL_FAST_MATH = YES;
				SDKROOT = iphoneos;
				SWIFT_COMPILATION_MODE = wholemodule;
				SWIFT_OPTIMIZATION_LEVEL = "-O";
				VALIDATE_PRODUCT = YES;
			};
			name = Release;
		};
		9CBD072D2244186400DE2F22 /* Debug */ = {
			isa = XCBuildConfiguration;
			buildSettings = {
				ASSETCATALOG_COMPILER_APPICON_NAME = AppIcon;
				CODE_SIGN_STYLE = Automatic;
				INFOPLIST_FILE = ClaseTableView/Info.plist;
				LD_RUNPATH_SEARCH_PATHS = (
					"$(inherited)",
					"@executable_path/Frameworks",
				);
				PRODUCT_BUNDLE_IDENTIFIER = com.mercadolibre.ClaseTableView;
				PRODUCT_NAME = "$(TARGET_NAME)";
				SWIFT_VERSION = 4.2;
				TARGETED_DEVICE_FAMILY = "1,2";
			};
			name = Debug;
		};
		9CBD072E2244186400DE2F22 /* Release */ = {
			isa = XCBuildConfiguration;
			buildSettings = {
				ASSETCATALOG_COMPILER_APPICON_NAME = AppIcon;
				CODE_SIGN_STYLE = Automatic;
				INFOPLIST_FILE = ClaseTableView/Info.plist;
				LD_RUNPATH_SEARCH_PATHS = (
					"$(inherited)",
					"@executable_path/Frameworks",
				);
				PRODUCT_BUNDLE_IDENTIFIER = com.mercadolibre.ClaseTableView;
				PRODUCT_NAME = "$(TARGET_NAME)";
				SWIFT_VERSION = 4.2;
				TARGETED_DEVICE_FAMILY = "1,2";
			};
			name = Release;
		};
/* End XCBuildConfiguration section */

/* Begin XCConfigurationList section */
		9CBD07152244186200DE2F22 /* Build configuration list for PBXProject "ClaseTableView" */ = {
			isa = XCConfigurationList;
			buildConfigurations = (
				9CBD072A2244186400DE2F22 /* Debug */,
				9CBD072B2244186400DE2F22 /* Release */,
			);
			defaultConfigurationIsVisible = 0;
			defaultConfigurationName = Release;
		};
		9CBD072C2244186400DE2F22 /* Build configuration list for PBXNativeTarget "ClaseTableView" */ = {
			isa = XCConfigurationList;
			buildConfigurations = (
				9CBD072D2244186400DE2F22 /* Debug */,
				9CBD072E2244186400DE2F22 /* Release */,
			);
			defaultConfigurationIsVisible = 0;
			defaultConfigurationName = Release;
		};
/* End XCConfigurationList section */
	};
	rootObject = 9CBD07122244186200DE2F22 /* Project object */;
}
